
Microsoft Visual Studio Solution File, Format Version 12.00
# Visual Studio Version 16
VisualStudioVersion = 16.0.32106.194
MinimumVisualStudioVersion = 10.0.40219.1
Project("{FAE04EC0-301F-11D3-BF4B-00C04F79EFBC}") = "Шифр Виженера", "Шифр Виженера.csproj", "{80CE0936-2AAA-4E35-92E6-AF4B65B34BB4}"
EndProject
Global
	GlobalSection(SolutionConfigurationPlatforms) = preSolution
		Debug|Any CPU = Debug|Any CPU
		Release|Any CPU = Release|Any CPU
	EndGlobalSection
	GlobalSection(ProjectConfigurationPlatforms) = postSolution
		{80CE0936-2AAA-4E35-92E6-AF4B65B34BB4}.Debug|Any CPU.ActiveCfg = Debug|Any CPU
		{80CE0936-2AAA-4E35-92E6-AF4B65B34BB4}.Debug|Any CPU.Build.0 = Debug|Any CPU
		{80CE0936-2AAA-4E35-92E6-AF4B65B34BB4}.Release|Any CPU.ActiveCfg = Release|Any CPU
		{80CE0936-2AAA-4E35-92E6-AF4B65B34BB4}.Release|Any CPU.Build.0 = Release|Any CPU
	EndGlobalSection
	GlobalSection(SolutionProperties) = preSolution
		HideSolutionNode = FALSE
	EndGlobalSection
	GlobalSection(ExtensibilityGlobals) = postSolution
		SolutionGuid = {E3C7F21E-D6DC-44F8-962F-13A4427637D6}
	EndGlobalSection
EndGlobal
